// !$*UTF8*$!
{
	archiveVersion = 1;
	classes = {
	};
	objectVersion = 48;
	objects = {

/* Begin PBXBuildFile section */
		07734FED1F3160DD0080A746 /* AppDelegate.swift in Sources */ = {isa = PBXBuildFile; fileRef = 07734FEC1F3160DD0080A746 /* AppDelegate.swift */; };
		07734FEF1F3160DD0080A746 /* art.scnassets in Resources */ = {isa = PBXBuildFile; fileRef = 07734FEE1F3160DD0080A746 /* art.scnassets */; };
		07734FF11F3160DD0080A746 /* ViewController.swift in Sources */ = {isa = PBXBuildFile; fileRef = 07734FF01F3160DD0080A746 /* ViewController.swift */; };
		07734FF41F3160DD0080A746 /* Main.storyboard in Resources */ = {isa = PBXBuildFile; fileRef = 07734FF21F3160DD0080A746 /* Main.storyboard */; };
		07734FF61F3160DD0080A746 /* Assets.xcassets in Resources */ = {isa = PBXBuildFile; fileRef = 07734FF51F3160DD0080A746 /* Assets.xcassets */; };
		07734FF91F3160DD0080A746 /* LaunchScreen.storyboard in Resources */ = {isa = PBXBuildFile; fileRef = 07734FF71F3160DD0080A746 /* LaunchScreen.storyboard */; };
		077350011F316B890080A746 /* Plane.swift in Sources */ = {isa = PBXBuildFile; fileRef = 077350001F316B890080A746 /* Plane.swift */; };
/* End PBXBuildFile section */

/* Begin PBXFileReference section */
		07734FE91F3160DD0080A746 /* ARKitByExample.app */ = {isa = PBXFileReference; explicitFileType = wrapper.application; includeInIndex = 0; path = ARKitByExample.app; sourceTree = BUILT_PRODUCTS_DIR; };
		07734FEC1F3160DD0080A746 /* AppDelegate.swift */ = {isa = PBXFileReference; lastKnownFileType = sourcecode.swift; path = AppDelegate.swift; sourceTree = "<group>"; };
		07734FEE1F3160DD0080A746 /* art.scnassets */ = {isa = PBXFileReference; lastKnownFileType = wrapper.scnassets; path = art.scnassets; sourceTree = "<group>"; };
		07734FF01F3160DD0080A746 /* ViewController.swift */ = {isa = PBXFileReference; lastKnownFileType = sourcecode.swift; path = ViewController.swift; sourceTree = "<group>"; };
		07734FF31F3160DD0080A746 /* Base */ = {isa = PBXFileReference; lastKnownFileType = file.storyboard; name = Base; path = Base.lproj/Main.storyboard; sourceTree = "<group>"; };
		07734FF51F3160DD0080A746 /* Assets.xcassets */ = {isa = PBXFileReference; lastKnownFileType = folder.assetcatalog; path = Assets.xcassets; sourceTree = "<group>"; };
		07734FF81F3160DD0080A746 /* Base */ = {isa = PBXFileReference; lastKnownFileType = file.storyboard; name = Base; path = Base.lproj/LaunchScreen.storyboard; sourceTree = "<group>"; };
		07734FFA1F3160DD0080A746 /* Info.plist */ = {isa = PBXFileReference; lastKnownFileType = text.plist.xml; path = Info.plist; sourceTree = "<group>"; };
		077350001F316B890080A746 /* Plane.swift */ = {isa = PBXFileReference; lastKnownFileType = sourcecode.swift; path = Plane.swift; sourceTree = "<group>"; };
/* End PBXFileReference section */

/* Begin PBXFrameworksBuildPhase section */
		07734FE61F3160DD0080A746 /* Frameworks */ = {
			isa = PBXFrameworksBuildPhase;
			buildActionMask = 2147483647;
			files = (
			);
			runOnlyForDeploymentPostprocessing = 0;
		};
/* End PBXFrameworksBuildPhase section */

/* Begin PBXGroup section */
		07734FE01F3160DD0080A746 = {
			isa = PBXGroup;
			children = (
				07734FEB1F3160DD0080A746 /* ARKitByExample */,
				07734FEA1F3160DD0080A746 /* Products */,
			);
			sourceTree = "<group>";
		};
		07734FEA1F3160DD0080A746 /* Products */ = {
			isa = PBXGroup;
			children = (
				07734FE91F3160DD0080A746 /* ARKitByExample.app */,
			);
			name = Products;
			sourceTree = "<group>";
		};
		07734FEB1F3160DD0080A746 /* ARKitByExample */ = {
			isa = PBXGroup;
			children = (
				07734FEC1F3160DD0080A746 /* AppDelegate.swift */,
				07734FEE1F3160DD0080A746 /* art.scnassets */,
				07734FF01F3160DD0080A746 /* ViewController.swift */,
				07734FF21F3160DD0080A746 /* Main.storyboard */,
				07734FF51F3160DD0080A746 /* Assets.xcassets */,
				07734FF71F3160DD0080A746 /* LaunchScreen.storyboard */,
				07734FFA1F3160DD0080A746 /* Info.plist */,
				077350001F316B890080A746 /* Plane.swift */,
			);
			path = ARKitByExample;
			sourceTree = "<group>";
		};
/* End PBXGroup section */

/* Begin PBXNativeTarget section */
		07734FE81F3160DD0080A746 /* ARKitByExample */ = {
			isa = PBXNativeTarget;
			buildConfigurationList = 07734FFD1F3160DD0080A746 /* Build configuration list for PBXNativeTarget "ARKitByExample" */;
			buildPhases = (
				07734FE51F3160DD0080A746 /* Sources */,
				07734FE61F3160DD0080A746 /* Frameworks */,
				07734FE71F3160DD0080A746 /* Resources */,
			);
			buildRules = (
			);
			dependencies = (
			);
			name = ARKitByExample;
			productName = ARKitByExample;
			productReference = 07734FE91F3160DD0080A746 /* ARKitByExample.app */;
			productType = "com.apple.product-type.application";
		};
/* End PBXNativeTarget section */

/* Begin PBXProject section */
		07734FE11F3160DD0080A746 /* Project object */ = {
			isa = PBXProject;
			attributes = {
				LastSwiftUpdateCheck = 0900;
				LastUpgradeCheck = 0900;
				ORGANIZATIONNAME = "Aaron Rosen";
				TargetAttributes = {
					07734FE81F3160DD0080A746 = {
						CreatedOnToolsVersion = 9.0;
					};
				};
			};
			buildConfigurationList = 07734FE41F3160DD0080A746 /* Build configuration list for PBXProject "ARKitByExample" */;
			compatibilityVersion = "Xcode 8.0";
			developmentRegion = en;
			hasScannedForEncodings = 0;
			knownRegions = (
				en,
				Base,
			);
			mainGroup = 07734FE01F3160DD0080A746;
			productRefGroup = 07734FEA1F3160DD0080A746 /* Products */;
			projectDirPath = "";
			projectRoot = "";
			targets = (
				07734FE81F3160DD0080A746 /* ARKitByExample */,
			);
		};
/* End PBXProject section */

/* Begin PBXResourcesBuildPhase section */
		07734FE71F3160DD0080A746 /* Resources */ = {
			isa = PBXResourcesBuildPhase;
			buildActionMask = 2147483647;
			files = (
				07734FEF1F3160DD0080A746 /* art.scnassets in Resources */,
				07734FF91F3160DD0080A746 /* LaunchScreen.storyboard in Resources */,
				07734FF61F3160DD0080A746 /* Assets.xcassets in Resources */,
				07734FF41F3160DD0080A746 /* Main.storyboard in Resources */,
			);
			runOnlyForDeploymentPostprocessing = 0;
		};
/* End PBXResourcesBuildPhase section */

/* Begin PBXSourcesBuildPhase section */
		07734FE51F3160DD0080A746 /* Sources */ = {
			isa = PBXSourcesBuildPhase;
			buildActionMask = 2147483647;
			files = (
				07734FF11F3160DD0080A746 /* ViewController.swift in Sources */,
				077350011F316B890080A746 /* Plane.swift in Sources */,
				07734FED1F3160DD0080A746 /* AppDelegate.swift in Sources */,
			);
			runOnlyForDeploymentPostprocessing = 0;
		};
/* End PBXSourcesBuildPhase section */

/* Begin PBXVariantGroup section */
		07734FF21F3160DD0080A746 /* Main.storyboard */ = {
			isa = PBXVariantGroup;
			children = (
				07734FF31F3160DD0080A746 /* Base */,
			);
			name = Main.storyboard;
			sourceTree = "<group>";
		};
		07734FF71F3160DD0080A746 /* LaunchScreen.storyboard */ = {
			isa = PBXVariantGroup;
			children = (
				07734FF81F3160DD0080A746 /* Base */,
			);
			name = LaunchScreen.storyboard;
			sourceTree = "<group>";
		};
/* End PBXVariantGroup section */

/* Begin XCBuildConfiguration section */
		07734FFB1F3160DD0080A746 /* Debug */ = {
			isa = XCBuildConfiguration;
			buildSettings = {
				ALWAYS_SEARCH_USER_PATHS = NO;
				CLANG_ANALYZER_NONNULL = YES;
				CLANG_ANALYZER_NUMBER_OBJECT_CONVERSION = YES_AGGRESSIVE;
				CLANG_CXX_LANGUAGE_STANDARD = "gnu++14";
				CLANG_CXX_LIBRARY = "libc++";
				CLANG_ENABLE_MODULES = YES;
				CLANG_ENABLE_OBJC_ARC = YES;
				CLANG_WARN_BLOCK_CAPTURE_AUTORELEASING = YES;
				CLANG_WARN_BOOL_CONVERSION = YES;
				CLANG_WARN_COMMA = YES;
				CLANG_WARN_CONSTANT_CONVERSION = YES;
				CLANG_WARN_DIRECT_OBJC_ISA_USAGE = YES_ERROR;
				CLANG_WARN_DOCUMENTATION_COMMENTS = YES;
				CLANG_WARN_EMPTY_BODY = YES;
				CLANG_WARN_ENUM_CONVERSION = YES;
				CLANG_WARN_INFINITE_RECURSION = YES;
				CLANG_WARN_INT_CONVERSION = YES;
				CLANG_WARN_NON_LITERAL_NULL_CONVERSION = YES;
				CLANG_WARN_OBJC_LITERAL_CONVERSION = YES;
				CLANG_WARN_OBJC_ROOT_CLASS = YES_ERROR;
				CLANG_WARN_RANGE_LOOP_ANALYSIS = YES;
				CLANG_WARN_STRICT_PROTOTYPES = YES;
				CLANG_WARN_SUSPICIOUS_MOVE = YES;
				CLANG_WARN_UNGUARDED_AVAILABILITY = YES_AGGRESSIVE;
				CLANG_WARN_UNREACHABLE_CODE = YES;
				CLANG_WARN__DUPLICATE_METHOD_MATCH = YES;
				CODE_SIGN_IDENTITY = "iPhone Developer";
				COPY_PHASE_STRIP = NO;
				DEBUG_INFORMATION_FORMAT = dwarf;
				ENABLE_STRICT_OBJC_MSGSEND = YES;
				ENABLE_TESTABILITY = YES;
				GCC_C_LANGUAGE_STANDARD = gnu11;
				GCC_DYNAMIC_NO_PIC = NO;
				GCC_NO_COMMON_BLOCKS = YES;
				GCC_OPTIMIZATION_LEVEL = 0;
				GCC_PREPROCESSOR_DEFINITIONS = (
					"DEBUG=1",
					"$(inherited)",
				);
				GCC_WARN_64_TO_32_BIT_CONVERSION = YES;
				GCC_WARN_ABOUT_RETURN_TYPE = YES_ERROR;
				GCC_WARN_UNDECLARED_SELECTOR = YES;
				GCC_WARN_UNINITIALIZED_AUTOS = YES_AGGRESSIVE;
				GCC_WARN_UNUSED_FUNCTION = YES;
				GCC_WARN_UNUSED_VARIABLE = YES;
				IPHONEOS_DEPLOYMENT_TARGET = 11.0;
				MTL_ENABLE_DEBUG_INFO = YES;
				ONLY_ACTIVE_ARCH = YES;
				SDKROOT = iphoneos;
				SWIFT_ACTIVE_COMPILATION_CONDITIONS = DEBUG;
				SWIFT_OPTIMIZATION_LEVEL = "-Onone";
			};
			name = Debug;
		};
		07734FFC1F3160DD0080A746 /* Release */ = {
			isa = XCBuildConfiguration;
			buildSettings = {
				ALWAYS_SEARCH_USER_PATHS = NO;
				CLANG_ANALYZER_NONNULL = YES;
				CLANG_ANALYZER_NUMBER_OBJECT_CONVERSION = YES_AGGRESSIVE;
				CLANG_CXX_LANGUAGE_STANDARD = "gnu++14";
				CLANG_CXX_LIBRARY = "libc++";
				CLANG_ENABLE_MODULES = YES;
				CLANG_ENABLE_OBJC_ARC = YES;
				CLANG_WARN_BLOCK_CAPTURE_AUTORELEASING = YES;
				CLANG_WARN_BOOL_CONVERSION = YES;
				CLANG_WARN_COMMA = YES;
				CLANG_WARN_CONSTANT_CONVERSION = YES;
				CLANG_WARN_DIRECT_OBJC_ISA_USAGE = YES_ERROR;
				CLANG_WARN_DOCUMENTATION_COMMENTS = YES;
				CLANG_WARN_EMPTY_BODY = YES;
				CLANG_WARN_ENUM_CONVERSION = YES;
				CLANG_WARN_INFINITE_RECURSION = YES;
				CLANG_WARN_INT_CONVERSION = YES;
				CLANG_WARN_NON_LITERAL_NULL_CONVERSION = YES;
				CLANG_WARN_OBJC_LITERAL_CONVERSION = YES;
				CLANG_WARN_OBJC_ROOT_CLASS = YES_ERROR;
				CLANG_WARN_RANGE_LOOP_ANALYSIS = YES;
				CLANG_WARN_STRICT_PROTOTYPES = YES;
				CLANG_WARN_SUSPICIOUS_MOVE = YES;
				CLANG_WARN_UNGUARDED_AVAILABILITY = YES_AGGRESSIVE;
				CLANG_WARN_UNREACHABLE_CODE = YES;
				CLANG_WARN__DUPLICATE_METHOD_MATCH = YES;
				CODE_SIGN_IDENTITY = "iPhone Developer";
				COPY_PHASE_STRIP = NO;
				DEBUG_INFORMATION_FORMAT = "dwarf-with-dsym";
				ENABLE_NS_ASSERTIONS = NO;
				ENABLE_STRICT_OBJC_MSGSEND = YES;
				GCC_C_LANGUAGE_STANDARD = gnu11;
				GCC_NO_COMMON_BLOCKS = YES;
				GCC_WARN_64_TO_32_BIT_CONVERSION = YES;
				GCC_WARN_ABOUT_RETURN_TYPE = YES_ERROR;
				GCC_WARN_UNDECLARED_SELECTOR = YES;
				GCC_WARN_UNINITIALIZED_AUTOS = YES_AGGRESSIVE;
				GCC_WARN_UNUSED_FUNCTION = YES;
				GCC_WARN_UNUSED_VARIABLE = YES;
				IPHONEOS_DEPLOYMENT_TARGET = 11.0;
				MTL_ENABLE_DEBUG_INFO = NO;
				SDKROOT = iphoneos;
				SWIFT_OPTIMIZATION_LEVEL = "-Owholemodule";
				VALIDATE_PRODUCT = YES;
			};
			name = Release;
		};
		07734FFE1F3160DD0080A746 /* Debug */ = {
			isa = XCBuildConfiguration;
			buildSettings = {
				ASSETCATALOG_COMPILER_APPICON_NAME = AppIcon;
				DEVELOPMENT_TEAM = R7G3G23986;
				INFOPLIST_FILE = ARKitByExample/Info.plist;
				LD_RUNPATH_SEARCH_PATHS = "$(inherited) @executable_path/Frameworks";
				PRODUCT_BUNDLE_IDENTIFIER = aaronrosen.ARKitByExample;
				PRODUCT_NAME = "$(TARGET_NAME)";
				SWIFT_VERSION = 4.0;
				TARGETED_DEVICE_FAMILY = "1,2";
			};
			name = Debug;
		};
		07734FFF1F3160DD0080A746 /* Release */ = {
			isa = XCBuildConfiguration;
			buildSettings = {
				ASSETCATALOG_COMPILER_APPICON_NAME = AppIcon;
				DEVELOPMENT_TEAM = R7G3G23986;
				INFOPLIST_FILE = ARKitByExample/Info.plist;
				LD_RUNPATH_SEARCH_PATHS = "$(inherited) @executable_path/Frameworks";
				PRODUCT_BUNDLE_IDENTIFIER = aaronrosen.ARKitByExample;
				PRODUCT_NAME = "$(TARGET_NAME)";
				SWIFT_VERSION = 4.0;
				TARGETED_DEVICE_FAMILY = "1,2";
			};
			name = Release;
		};
/* End XCBuildConfiguration section */

/* Begin XCConfigurationList section */
		07734FE41F3160DD0080A746 /* Build configuration list for PBXProject "ARKitByExample" */ = {
			isa = XCConfigurationList;
			buildConfigurations = (
				07734FFB1F3160DD0080A746 /* Debug */,
				07734FFC1F3160DD0080A746 /* Release */,
			);
			defaultConfigurationIsVisible = 0;
			defaultConfigurationName = Release;
		};
		07734FFD1F3160DD0080A746 /* Build configuration list for PBXNativeTarget "ARKitByExample" */ = {
			isa = XCConfigurationList;
			buildConfigurations = (
				07734FFE1F3160DD0080A746 /* Debug */,
				07734FFF1F3160DD0080A746 /* Release */,
			);
			defaultConfigurationIsVisible = 0;
			defaultConfigurationName = Release;
		};
/* End XCConfigurationList section */
	};
	rootObject = 07734FE11F3160DD0080A746 /* Project object */;
}
